
Microsoft Visual Studio Solution File, Format Version 12.00
# Visual Studio Version 17
VisualStudioVersion = 17.3.32825.248
MinimumVisualStudioVersion = 10.0.40219.1
Project("{888888A0-9F3D-457C-B088-3A5042F75D52}") = "Cw_004_Liczby_Pierwsze", "Cw_004_Liczby_Pierwsze.pyproj", "{A0CB26D1-0712-4853-BC34-73C0BA925FB1}"
EndProject
Global
	GlobalSection(SolutionConfigurationPlatforms) = preSolution
		Debug|Any CPU = Debug|Any CPU
		Release|Any CPU = Release|Any CPU
	EndGlobalSection
	GlobalSection(ProjectConfigurationPlatforms) = postSolution
		{A0CB26D1-0712-4853-BC34-73C0BA925FB1}.Debug|Any CPU.ActiveCfg = Debug|Any CPU
		{A0CB26D1-0712-4853-BC34-73C0BA925FB1}.Release|Any CPU.ActiveCfg = Release|Any CPU
	EndGlobalSection
	GlobalSection(SolutionProperties) = preSolution
		HideSolutionNode = FALSE
	EndGlobalSection
	GlobalSection(ExtensibilityGlobals) = postSolution
		SolutionGuid = {D49B4424-EFF6-404F-A8FA-205E157C20A3}
	EndGlobalSection
EndGlobal
