
Microsoft Visual Studio Solution File, Format Version 12.00
# Visual Studio Version 17
VisualStudioVersion = 17.3.32825.248
MinimumVisualStudioVersion = 10.0.40219.1
Project("{888888A0-9F3D-457C-B088-3A5042F75D52}") = "Cw_003_Tablice_liczbowe", "Cw_003_Tablice_liczbowe.pyproj", "{CC582902-E39C-43D0-B314-9ADD98F22A69}"
EndProject
Global
	GlobalSection(SolutionConfigurationPlatforms) = preSolution
		Debug|Any CPU = Debug|Any CPU
		Release|Any CPU = Release|Any CPU
	EndGlobalSection
	GlobalSection(ProjectConfigurationPlatforms) = postSolution
		{CC582902-E39C-43D0-B314-9ADD98F22A69}.Debug|Any CPU.ActiveCfg = Debug|Any CPU
		{CC582902-E39C-43D0-B314-9ADD98F22A69}.Release|Any CPU.ActiveCfg = Release|Any CPU
	EndGlobalSection
	GlobalSection(SolutionProperties) = preSolution
		HideSolutionNode = FALSE
	EndGlobalSection
	GlobalSection(ExtensibilityGlobals) = postSolution
		SolutionGuid = {6E403DA0-5B14-45FD-A47E-68FF2C419306}
	EndGlobalSection
EndGlobal
